
Microsoft Visual Studio Solution File, Format Version 12.00
# Visual Studio 15
VisualStudioVersion = 15.0.27703.2000
MinimumVisualStudioVersion = 10.0.40219.1
Project("{FAE04EC0-301F-11D3-BF4B-00C04F79EFBC}") = "RentCarApplication", "RentCarApplication\RentCarApplication.csproj", "{CC3D27DA-0531-409D-9345-DE7437AAE8F8}"
EndProject
Project("{FAE04EC0-301F-11D3-BF4B-00C04F79EFBC}") = "RentCarApplication.Tests", "RentCarApplication.Tests\RentCarApplication.Tests.csproj", "{3D38858D-FA95-4936-ABD1-0386003C1EF1}"
EndProject
Project("{FAE04EC0-301F-11D3-BF4B-00C04F79EFBC}") = "CarDataAccess", "CarDataAccess\CarDataAccess.csproj", "{701C64A9-B300-4D4D-9FA2-D061AEAA1523}"
EndProject
Global
	GlobalSection(SolutionConfigurationPlatforms) = preSolution
		Debug|Any CPU = Debug|Any CPU
		Release|Any CPU = Release|Any CPU
	EndGlobalSection
	GlobalSection(ProjectConfigurationPlatforms) = postSolution
		{CC3D27DA-0531-409D-9345-DE7437AAE8F8}.Debug|Any CPU.ActiveCfg = Debug|Any CPU
		{CC3D27DA-0531-409D-9345-DE7437AAE8F8}.Debug|Any CPU.Build.0 = Debug|Any CPU
		{CC3D27DA-0531-409D-9345-DE7437AAE8F8}.Release|Any CPU.ActiveCfg = Release|Any CPU
		{CC3D27DA-0531-409D-9345-DE7437AAE8F8}.Release|Any CPU.Build.0 = Release|Any CPU
		{3D38858D-FA95-4936-ABD1-0386003C1EF1}.Debug|Any CPU.ActiveCfg = Debug|Any CPU
		{3D38858D-FA95-4936-ABD1-0386003C1EF1}.Debug|Any CPU.Build.0 = Debug|Any CPU
		{3D38858D-FA95-4936-ABD1-0386003C1EF1}.Release|Any CPU.ActiveCfg = Release|Any CPU
		{3D38858D-FA95-4936-ABD1-0386003C1EF1}.Release|Any CPU.Build.0 = Release|Any CPU
		{701C64A9-B300-4D4D-9FA2-D061AEAA1523}.Debug|Any CPU.ActiveCfg = Debug|Any CPU
		{701C64A9-B300-4D4D-9FA2-D061AEAA1523}.Debug|Any CPU.Build.0 = Debug|Any CPU
		{701C64A9-B300-4D4D-9FA2-D061AEAA1523}.Release|Any CPU.ActiveCfg = Release|Any CPU
		{701C64A9-B300-4D4D-9FA2-D061AEAA1523}.Release|Any CPU.Build.0 = Release|Any CPU
	EndGlobalSection
	GlobalSection(SolutionProperties) = preSolution
		HideSolutionNode = FALSE
	EndGlobalSection
	GlobalSection(ExtensibilityGlobals) = postSolution
		SolutionGuid = {A41B3844-7E97-46CC-BA32-DF9C430BFB26}
	EndGlobalSection
EndGlobal
